// !$*UTF8*$!
{
	archiveVersion = 1;
	classes = {
	};
	objectVersion = 42;
	objects = {

/* Begin PBXBuildFile section */
		A3764F950D792C01008EC6BF /* CoreFoundation.framework in Frameworks */ = {isa = PBXBuildFile; fileRef = A3764F940D792C01008EC6BF /* CoreFoundation.framework */; };
		A3ED136F0D7A2D4400A80EC3 /* Carbon.framework in Frameworks */ = {isa = PBXBuildFile; fileRef = A3ED136E0D7A2D4400A80EC3 /* Carbon.framework */; };
		BA7D9B690D7B79BC00D87A71 /* tm_dialog_read.c in Sources */ = {isa = PBXBuildFile; fileRef = BA7D9B670D7B79BC00D87A71 /* tm_dialog_read.c */; };
		BA7D9B6A0D7B79BC00D87A71 /* tm_dialog_read.h in Headers */ = {isa = PBXBuildFile; fileRef = BA7D9B680D7B79BC00D87A71 /* tm_dialog_read.h */; };
/* End PBXBuildFile section */

/* Begin PBXBuildStyle section */
		A3D585850D7EBA6B00F379A7 /* Development */ = {
			isa = PBXBuildStyle;
			buildSettings = {
				COPY_PHASE_STRIP = NO;
			};
			name = Development;
		};
		A3D585860D7EBA6B00F379A7 /* Deployment */ = {
			isa = PBXBuildStyle;
			buildSettings = {
				COPY_PHASE_STRIP = YES;
			};
			name = Deployment;
		};
/* End PBXBuildStyle section */

/* Begin PBXFileReference section */
		A3764F940D792C01008EC6BF /* CoreFoundation.framework */ = {isa = PBXFileReference; lastKnownFileType = wrapper.framework; name = CoreFoundation.framework; path = /System/Library/Frameworks/CoreFoundation.framework; sourceTree = "<absolute>"; };
		A3ED136E0D7A2D4400A80EC3 /* Carbon.framework */ = {isa = PBXFileReference; lastKnownFileType = wrapper.framework; name = Carbon.framework; path = /System/Library/Frameworks/Carbon.framework; sourceTree = "<absolute>"; };
		BA7D9B670D7B79BC00D87A71 /* tm_dialog_read.c */ = {isa = PBXFileReference; fileEncoding = 30; lastKnownFileType = sourcecode.c.c; path = tm_dialog_read.c; sourceTree = "<group>"; };
		BA7D9B680D7B79BC00D87A71 /* tm_dialog_read.h */ = {isa = PBXFileReference; fileEncoding = 30; lastKnownFileType = sourcecode.c.h; path = tm_dialog_read.h; sourceTree = "<group>"; };
		D2AAC0630554660B00DB518D /* tm_dialog_read.dylib */ = {isa = PBXFileReference; explicitFileType = "compiled.mach-o.dylib"; includeInIndex = 0; path = tm_dialog_read.dylib; sourceTree = BUILT_PRODUCTS_DIR; };
/* End PBXFileReference section */

/* Begin PBXFrameworksBuildPhase section */
		D289988505E68E00004EDB86 /* Frameworks */ = {
			isa = PBXFrameworksBuildPhase;
			buildActionMask = 2147483647;
			files = (
				A3764F950D792C01008EC6BF /* CoreFoundation.framework in Frameworks */,
				A3ED136F0D7A2D4400A80EC3 /* Carbon.framework in Frameworks */,
			);
			runOnlyForDeploymentPostprocessing = 0;
		};
/* End PBXFrameworksBuildPhase section */

/* Begin PBXGroup section */
		08FB7794FE84155DC02AAC07 /* tmread */ = {
			isa = PBXGroup;
			children = (
				A3ED136E0D7A2D4400A80EC3 /* Carbon.framework */,
				A3764F940D792C01008EC6BF /* CoreFoundation.framework */,
				08FB7795FE84155DC02AAC07 /* Source */,
				1AB674ADFE9D54B511CA2CBB /* Products */,
			);
			name = tmread;
			sourceTree = "<group>";
		};
		08FB7795FE84155DC02AAC07 /* Source */ = {
			isa = PBXGroup;
			children = (
				BA7D9B670D7B79BC00D87A71 /* tm_dialog_read.c */,
				BA7D9B680D7B79BC00D87A71 /* tm_dialog_read.h */,
			);
			name = Source;
			sourceTree = "<group>";
		};
		1AB674ADFE9D54B511CA2CBB /* Products */ = {
			isa = PBXGroup;
			children = (
				D2AAC0630554660B00DB518D /* tm_dialog_read.dylib */,
			);
			name = Products;
			sourceTree = "<group>";
		};
/* End PBXGroup section */

/* Begin PBXHeadersBuildPhase section */
		D2AAC0600554660B00DB518D /* Headers */ = {
			isa = PBXHeadersBuildPhase;
			buildActionMask = 2147483647;
			files = (
				BA7D9B6A0D7B79BC00D87A71 /* tm_dialog_read.h in Headers */,
			);
			runOnlyForDeploymentPostprocessing = 0;
		};
/* End PBXHeadersBuildPhase section */

/* Begin PBXNativeTarget section */
		D2AAC0620554660B00DB518D /* tm_dialog_read */ = {
			isa = PBXNativeTarget;
			buildConfigurationList = A33D8EAA0D7427B900844000 /* Build configuration list for PBXNativeTarget "tm_dialog_read" */;
			buildPhases = (
				D2AAC0600554660B00DB518D /* Headers */,
				D2AAC0610554660B00DB518D /* Sources */,
				D289988505E68E00004EDB86 /* Frameworks */,
			);
			buildRules = (
			);
			dependencies = (
			);
			name = tm_dialog_read;
			productName = tmread;
			productReference = D2AAC0630554660B00DB518D /* tm_dialog_read.dylib */;
			productType = "com.apple.product-type.library.dynamic";
		};
/* End PBXNativeTarget section */

/* Begin PBXProject section */
		08FB7793FE84155DC02AAC07 /* Project object */ = {
			isa = PBXProject;
			buildConfigurationList = A33D8EAE0D7427B900844000 /* Build configuration list for PBXProject "tm_dialog_read" */;
			buildSettings = {
			};
			buildStyles = (
				A3D585850D7EBA6B00F379A7 /* Development */,
				A3D585860D7EBA6B00F379A7 /* Deployment */,
			);
			hasScannedForEncodings = 1;
			mainGroup = 08FB7794FE84155DC02AAC07 /* tmread */;
			projectDirPath = "";
			targets = (
				D2AAC0620554660B00DB518D /* tm_dialog_read */,
			);
		};
/* End PBXProject section */

/* Begin PBXSourcesBuildPhase section */
		D2AAC0610554660B00DB518D /* Sources */ = {
			isa = PBXSourcesBuildPhase;
			buildActionMask = 2147483647;
			files = (
				BA7D9B690D7B79BC00D87A71 /* tm_dialog_read.c in Sources */,
			);
			runOnlyForDeploymentPostprocessing = 0;
		};
/* End PBXSourcesBuildPhase section */

/* Begin XCBuildConfiguration section */
		A33D8EAB0D7427B900844000 /* Debug */ = {
			isa = XCBuildConfiguration;
			buildSettings = {
				COPY_PHASE_STRIP = NO;
				DYLIB_COMPATIBILITY_VERSION = 1;
				DYLIB_CURRENT_VERSION = 1;
				GCC_DYNAMIC_NO_PIC = NO;
				GCC_ENABLE_FIX_AND_CONTINUE = YES;
				GCC_GENERATE_DEBUGGING_SYMBOLS = YES;
				GCC_MODEL_TUNING = G5;
				GCC_OPTIMIZATION_LEVEL = 0;
				GCC_WARN_ABOUT_RETURN_TYPE = YES;
				GCC_WARN_UNUSED_VARIABLE = YES;
				INSTALL_PATH = /usr/local/lib;
				LIBRARY_STYLE = DYNAMIC;
				MACH_O_TYPE = mh_dylib;
				PREBINDING = NO;
				PRODUCT_NAME = tm_dialog_read;
				ZERO_LINK = YES;
			};
			name = Debug;
		};
		A33D8EAC0D7427B900844000 /* Release */ = {
			isa = XCBuildConfiguration;
			buildSettings = {
				COPY_PHASE_STRIP = YES;
				DYLIB_COMPATIBILITY_VERSION = 1;
				DYLIB_CURRENT_VERSION = 1;
				GCC_ENABLE_FIX_AND_CONTINUE = NO;
				GCC_GENERATE_DEBUGGING_SYMBOLS = NO;
				GCC_MODEL_TUNING = G5;
				GCC_WARN_ABOUT_RETURN_TYPE = YES;
				GCC_WARN_UNUSED_VARIABLE = YES;
				INSTALL_PATH = /usr/local/lib;
				LIBRARY_STYLE = DYNAMIC;
				MACH_O_TYPE = mh_dylib;
				PREBINDING = NO;
				PRODUCT_NAME = tm_dialog_read;
				ZERO_LINK = NO;
			};
			name = Release;
		};
		A33D8EAD0D7427B900844000 /* Default */ = {
			isa = XCBuildConfiguration;
			buildSettings = {
				DYLIB_COMPATIBILITY_VERSION = 1;
				DYLIB_CURRENT_VERSION = 1;
				GCC_GENERATE_DEBUGGING_SYMBOLS = NO;
				GCC_MODEL_TUNING = G5;
				GCC_WARN_ABOUT_RETURN_TYPE = YES;
				GCC_WARN_UNUSED_VARIABLE = YES;
				INSTALL_PATH = /usr/local/lib;
				LIBRARY_STYLE = DYNAMIC;
				MACH_O_TYPE = mh_dylib;
				PREBINDING = NO;
				PRODUCT_NAME = tm_dialog_read;
			};
			name = Default;
		};
		A33D8EAF0D7427B900844000 /* Debug */ = {
			isa = XCBuildConfiguration;
			buildSettings = {
			};
			name = Debug;
		};
		A33D8EB00D7427B900844000 /* Release */ = {
			isa = XCBuildConfiguration;
			buildSettings = {
			};
			name = Release;
		};
		A33D8EB10D7427B900844000 /* Default */ = {
			isa = XCBuildConfiguration;
			buildSettings = {
			};
			name = Default;
		};
/* End XCBuildConfiguration section */

/* Begin XCConfigurationList section */
		A33D8EAA0D7427B900844000 /* Build configuration list for PBXNativeTarget "tm_dialog_read" */ = {
			isa = XCConfigurationList;
			buildConfigurations = (
				A33D8EAB0D7427B900844000 /* Debug */,
				A33D8EAC0D7427B900844000 /* Release */,
				A33D8EAD0D7427B900844000 /* Default */,
			);
			defaultConfigurationIsVisible = 0;
			defaultConfigurationName = Default;
		};
		A33D8EAE0D7427B900844000 /* Build configuration list for PBXProject "tm_dialog_read" */ = {
			isa = XCConfigurationList;
			buildConfigurations = (
				A33D8EAF0D7427B900844000 /* Debug */,
				A33D8EB00D7427B900844000 /* Release */,
				A33D8EB10D7427B900844000 /* Default */,
			);
			defaultConfigurationIsVisible = 0;
			defaultConfigurationName = Default;
		};
/* End XCConfigurationList section */
	};
	rootObject = 08FB7793FE84155DC02AAC07 /* Project object */;
}
